
Microsoft Visual Studio Solution File, Format Version 12.00
# Visual Studio Version 16
VisualStudioVersion = 16.0.30517.126
MinimumVisualStudioVersion = 10.0.40219.1
Project("{9A19103F-16F7-4668-BE54-9A1E7A4F7556}") = "FilterTuneWPF", "FilterTuneWPF.csproj", "{0F2AC12E-B137-41B7-8982-C1F271E34E10}"
EndProject
Project("{9A19103F-16F7-4668-BE54-9A1E7A4F7556}") = "FilterTuneLibrary", "..\FilterTuneWPF\FilterTuneLibrary\FilterTuneLibrary.csproj", "{FA1751A9-50B2-41AB-B9F0-05E0DE66868E}"
EndProject
Global
	GlobalSection(SolutionConfigurationPlatforms) = preSolution
		Debug|Any CPU = Debug|Any CPU
		Release|Any CPU = Release|Any CPU
	EndGlobalSection
	GlobalSection(ProjectConfigurationPlatforms) = postSolution
		{0F2AC12E-B137-41B7-8982-C1F271E34E10}.Debug|Any CPU.ActiveCfg = Debug|Any CPU
		{0F2AC12E-B137-41B7-8982-C1F271E34E10}.Debug|Any CPU.Build.0 = Debug|Any CPU
		{0F2AC12E-B137-41B7-8982-C1F271E34E10}.Release|Any CPU.ActiveCfg = Release|Any CPU
		{0F2AC12E-B137-41B7-8982-C1F271E34E10}.Release|Any CPU.Build.0 = Release|Any CPU
		{FA1751A9-50B2-41AB-B9F0-05E0DE66868E}.Debug|Any CPU.ActiveCfg = Debug|Any CPU
		{FA1751A9-50B2-41AB-B9F0-05E0DE66868E}.Debug|Any CPU.Build.0 = Debug|Any CPU
		{FA1751A9-50B2-41AB-B9F0-05E0DE66868E}.Release|Any CPU.ActiveCfg = Release|Any CPU
		{FA1751A9-50B2-41AB-B9F0-05E0DE66868E}.Release|Any CPU.Build.0 = Release|Any CPU
	EndGlobalSection
	GlobalSection(SolutionProperties) = preSolution
		HideSolutionNode = FALSE
	EndGlobalSection
	GlobalSection(ExtensibilityGlobals) = postSolution
		SolutionGuid = {0B6B1229-C852-499F-940B-D0920276BF70}
	EndGlobalSection
EndGlobal
